<?xml version="1.0" encoding="utf-8"?>
<Project ToolsVersion="4.0" xmlns="http://schemas.microsoft.com/developer/msbuild/2003">
  <ItemGroup>
    <ClCompile Include="GameState.cpp">
      <Filter>Source Files</Filter>
    </ClCompile>
    <ClCompile Include="main.cpp">
      <Filter>Source Files</Filter>
    </ClCompile>
    <ClCompile Include="Player.cpp">
      <Filter>Source Files</Filter>
    </ClCompile>
    <ClCompile Include="RhythmSystem.cpp">
      <Filter>Source Files</Filter>
    </ClCompile>
    <ClCompile Include="GameStateManager.cpp">
      <Filter>Source Files</Filter>
    </ClCompile>
    <ClCompile Include="Timer.cpp">
      <Filter>Source Files</Filter>
    </ClCompile>
    <ClCompile Include="MonitorState.cpp">
      <Filter>Source Files</Filter>
    </ClCompile>
    <ClCompile Include="Trash.cpp">
      <Filter>Source Files</Filter>
    </ClCompile>
    <ClCompile Include="Trash.cpp">
      <Filter>Source Files</Filter>
    </ClCompile>
    <ClCompile Include="EndingState.cpp">
      <Filter>Source Files</Filter>
    </ClCompile>
    <ClCompile Include="MenuState.cpp">
      <Filter>Source Files</Filter>
    </ClCompile>
  </ItemGroup>
  <ItemGroup>
    <ClInclude Include="GameState.h">
      <Filter>Header Files</Filter>
    </ClInclude>
    <ClInclude Include="GlobalValues.h">
      <Filter>Header Files</Filter>
    </ClInclude>
    <ClInclude Include="Player.h">
      <Filter>Header Files</Filter>
    </ClInclude>
    <ClInclude Include="RhythmSystem.h">
      <Filter>Header Files</Filter>
    </ClInclude>
    <ClInclude Include="State.h">
      <Filter>Header Files</Filter>
    </ClInclude>
    <ClInclude Include="GameStateManager.h">
      <Filter>Header Files</Filter>
    </ClInclude>
    <ClInclude Include="Timer.h">
      <Filter>Header Files</Filter>
    </ClInclude>
    <ClInclude Include="Trash.h">
      <Filter>Header Files</Filter>
    </ClInclude>
    <ClInclude Include="MonitorState.h">
      <Filter>Header Files</Filter>
    </ClInclude>
    <ClInclude Include="EndingState.h">
      <Filter>Header Files</Filter>
    </ClInclude>
    <ClInclude Include="MenuState.h">
      <Filter>Header Files</Filter>
    </ClInclude>
  </ItemGroup>
  <ItemGroup>
    <Filter Include="Source Files">
      <UniqueIdentifier>{fcaa121f-8b10-4f4b-bce4-888d7de5e306}</UniqueIdentifier>
    </Filter>
    <Filter Include="Header Files">
      <UniqueIdentifier>{3bfe9d2f-2a82-4f8b-a446-62599611a351}</UniqueIdentifier>
    </Filter>
  </ItemGroup>
  <ItemGroup>
    <None Include="..\..\..\SFML-2.6.1\bin\sfml-window-d-2.dll" />
    <None Include="..\..\..\SFML-2.6.1\bin\openal32.dll" />
    <None Include="..\..\..\SFML-2.6.1\bin\sfml-audio-2.dll" />
    <None Include="..\..\..\SFML-2.6.1\bin\sfml-audio-d-2.dll" />
    <None Include="..\..\..\SFML-2.6.1\bin\sfml-graphics-2.dll" />
    <None Include="..\..\..\SFML-2.6.1\bin\sfml-graphics-d-2.dll" />
    <None Include="..\..\..\SFML-2.6.1\bin\sfml-network-2.dll" />
    <None Include="..\..\..\SFML-2.6.1\bin\sfml-network-d-2.dll" />
    <None Include="..\..\..\SFML-2.6.1\bin\sfml-system-2.dll" />
    <None Include="..\..\..\SFML-2.6.1\bin\sfml-system-d-2.dll" />
    <None Include="..\..\..\SFML-2.6.1\bin\sfml-window-2.dll" />
  </ItemGroup>
</Project>